
Microsoft Visual Studio Solution File, Format Version 12.00
# Visual Studio 15
VisualStudioVersion = 15.0.28010.2003
MinimumVisualStudioVersion = 10.0.40219.1
Project("{E24C65DC-7377-472B-9ABA-BC803B73C61A}") = "Sac E-commerce", "Sac E-commerce\", "{61B3BEB4-544D-47FE-B606-BF4DD02DA521}"
	ProjectSection(WebsiteProperties) = preProject
		TargetFrameworkMoniker = ".NETFramework,Version%3Dv4.6.1"
		Debug.AspNetCompiler.VirtualPath = "/localhost_57382"
		Debug.AspNetCompiler.PhysicalPath = "Sac E-commerce\"
		Debug.AspNetCompiler.TargetPath = "PrecompiledWeb\localhost_57382\"
		Debug.AspNetCompiler.Updateable = "true"
		Debug.AspNetCompiler.ForceOverwrite = "true"
		Debug.AspNetCompiler.FixedNames = "false"
		Debug.AspNetCompiler.Debug = "True"
		Release.AspNetCompiler.VirtualPath = "/localhost_57382"
		Release.AspNetCompiler.PhysicalPath = "Sac E-commerce\"
		Release.AspNetCompiler.TargetPath = "PrecompiledWeb\localhost_57382\"
		Release.AspNetCompiler.Updateable = "true"
		Release.AspNetCompiler.ForceOverwrite = "true"
		Release.AspNetCompiler.FixedNames = "false"
		Release.AspNetCompiler.Debug = "False"
		VWDPort = "57382"
		SlnRelativePath = "Sac E-commerce\"
		DefaultWebSiteLanguage = "Visual C#"
	EndProjectSection
EndProject
Global
	GlobalSection(SolutionConfigurationPlatforms) = preSolution
		Debug|Any CPU = Debug|Any CPU
	EndGlobalSection
	GlobalSection(ProjectConfigurationPlatforms) = postSolution
		{61B3BEB4-544D-47FE-B606-BF4DD02DA521}.Debug|Any CPU.ActiveCfg = Debug|Any CPU
		{61B3BEB4-544D-47FE-B606-BF4DD02DA521}.Debug|Any CPU.Build.0 = Debug|Any CPU
	EndGlobalSection
	GlobalSection(SolutionProperties) = preSolution
		HideSolutionNode = FALSE
	EndGlobalSection
	GlobalSection(ExtensibilityGlobals) = postSolution
		SolutionGuid = {038D791D-86B8-4E17-98CE-4227F17BBF48}
	EndGlobalSection
EndGlobal
